
Microsoft Visual Studio Solution File, Format Version 12.00
# Visual Studio Version 16
VisualStudioVersion = 25.0.1700.0
MinimumVisualStudioVersion = 10.0.40219.1
Project("{FAE04EC0-301F-11D3-BF4B-00C04F79EFBC}") = "DefectiveGoods", "DefectiveGoods\DefectiveGoods.csproj", "{1559AD48-F5B5-405D-A725-057C9FF1DFE2}"
EndProject
Global
	GlobalSection(SolutionConfigurationPlatforms) = preSolution
		Debug|Any CPU = Debug|Any CPU
		Release|Any CPU = Release|Any CPU
	EndGlobalSection
	GlobalSection(ProjectConfigurationPlatforms) = postSolution
		{1559AD48-F5B5-405D-A725-057C9FF1DFE2}.Debug|Any CPU.ActiveCfg = Debug|Any CPU
		{1559AD48-F5B5-405D-A725-057C9FF1DFE2}.Debug|Any CPU.Build.0 = Debug|Any CPU
		{1559AD48-F5B5-405D-A725-057C9FF1DFE2}.Release|Any CPU.ActiveCfg = Release|Any CPU
		{1559AD48-F5B5-405D-A725-057C9FF1DFE2}.Release|Any CPU.Build.0 = Release|Any CPU
	EndGlobalSection
	GlobalSection(SolutionProperties) = preSolution
		HideSolutionNode = FALSE
	EndGlobalSection
	GlobalSection(ExtensibilityGlobals) = postSolution
		SolutionGuid = {8AD7B637-2833-46F2-8D37-0B54E43815D9}
	EndGlobalSection
EndGlobal
